// !$*UTF8*$!
{
	archiveVersion = 1;
	classes = {
	};
	objectVersion = 56;
	objects = {

/* Begin PBXBuildFile section */
		7C4EC4A12909AFC600B96412 /* AppDelegate.swift in Sources */ = {isa = PBXBuildFile; fileRef = 7C4EC4A02909AFC600B96412 /* AppDelegate.swift */; };
		7C4EC4A32909AFC600B96412 /* SceneDelegate.swift in Sources */ = {isa = PBXBuildFile; fileRef = 7C4EC4A22909AFC600B96412 /* SceneDelegate.swift */; };
		7C4EC4A52909AFC600B96412 /* ViewController.swift in Sources */ = {isa = PBXBuildFile; fileRef = 7C4EC4A42909AFC600B96412 /* ViewController.swift */; };
		7C4EC4A82909AFC600B96412 /* Main.storyboard in Resources */ = {isa = PBXBuildFile; fileRef = 7C4EC4A62909AFC600B96412 /* Main.storyboard */; };
		7C4EC4AA2909AFC900B96412 /* Assets.xcassets in Resources */ = {isa = PBXBuildFile; fileRef = 7C4EC4A92909AFC900B96412 /* Assets.xcassets */; };
		7C4EC4AD2909AFC900B96412 /* LaunchScreen.storyboard in Resources */ = {isa = PBXBuildFile; fileRef = 7C4EC4AB2909AFC900B96412 /* LaunchScreen.storyboard */; };
		7C4EC4B82909AFCA00B96412 /* ContestTests.swift in Sources */ = {isa = PBXBuildFile; fileRef = 7C4EC4B72909AFCA00B96412 /* ContestTests.swift */; };
		7C4EC4C22909AFCA00B96412 /* ContestUITests.swift in Sources */ = {isa = PBXBuildFile; fileRef = 7C4EC4C12909AFCA00B96412 /* ContestUITests.swift */; };
		7C4EC4C42909AFCA00B96412 /* ContestUITestsLaunchTests.swift in Sources */ = {isa = PBXBuildFile; fileRef = 7C4EC4C32909AFCA00B96412 /* ContestUITestsLaunchTests.swift */; };
/* End PBXBuildFile section */

/* Begin PBXContainerItemProxy section */
		7C4EC4B42909AFCA00B96412 /* PBXContainerItemProxy */ = {
			isa = PBXContainerItemProxy;
			containerPortal = 7C4EC4952909AFC600B96412 /* Project object */;
			proxyType = 1;
			remoteGlobalIDString = 7C4EC49C2909AFC600B96412;
			remoteInfo = Contest;
		};
		7C4EC4BE2909AFCA00B96412 /* PBXContainerItemProxy */ = {
			isa = PBXContainerItemProxy;
			containerPortal = 7C4EC4952909AFC600B96412 /* Project object */;
			proxyType = 1;
			remoteGlobalIDString = 7C4EC49C2909AFC600B96412;
			remoteInfo = Contest;
		};
/* End PBXContainerItemProxy section */

/* Begin PBXFileReference section */
		7C4EC49D2909AFC600B96412 /* Contest.app */ = {isa = PBXFileReference; explicitFileType = wrapper.application; includeInIndex = 0; path = Contest.app; sourceTree = BUILT_PRODUCTS_DIR; };
		7C4EC4A02909AFC600B96412 /* AppDelegate.swift */ = {isa = PBXFileReference; lastKnownFileType = sourcecode.swift; path = AppDelegate.swift; sourceTree = "<group>"; };
		7C4EC4A22909AFC600B96412 /* SceneDelegate.swift */ = {isa = PBXFileReference; lastKnownFileType = sourcecode.swift; path = SceneDelegate.swift; sourceTree = "<group>"; };
		7C4EC4A42909AFC600B96412 /* ViewController.swift */ = {isa = PBXFileReference; lastKnownFileType = sourcecode.swift; path = ViewController.swift; sourceTree = "<group>"; };
		7C4EC4A72909AFC600B96412 /* Base */ = {isa = PBXFileReference; lastKnownFileType = file.storyboard; name = Base; path = Base.lproj/Main.storyboard; sourceTree = "<group>"; };
		7C4EC4A92909AFC900B96412 /* Assets.xcassets */ = {isa = PBXFileReference; lastKnownFileType = folder.assetcatalog; path = Assets.xcassets; sourceTree = "<group>"; };
		7C4EC4AC2909AFC900B96412 /* Base */ = {isa = PBXFileReference; lastKnownFileType = file.storyboard; name = Base; path = Base.lproj/LaunchScreen.storyboard; sourceTree = "<group>"; };
		7C4EC4AE2909AFC900B96412 /* Info.plist */ = {isa = PBXFileReference; lastKnownFileType = text.plist.xml; path = Info.plist; sourceTree = "<group>"; };
		7C4EC4B32909AFCA00B96412 /* ContestTests.xctest */ = {isa = PBXFileReference; explicitFileType = wrapper.cfbundle; includeInIndex = 0; path = ContestTests.xctest; sourceTree = BUILT_PRODUCTS_DIR; };
		7C4EC4B72909AFCA00B96412 /* ContestTests.swift */ = {isa = PBXFileReference; lastKnownFileType = sourcecode.swift; path = ContestTests.swift; sourceTree = "<group>"; };
		7C4EC4BD2909AFCA00B96412 /* ContestUITests.xctest */ = {isa = PBXFileReference; explicitFileType = wrapper.cfbundle; includeInIndex = 0; path = ContestUITests.xctest; sourceTree = BUILT_PRODUCTS_DIR; };
		7C4EC4C12909AFCA00B96412 /* ContestUITests.swift */ = {isa = PBXFileReference; lastKnownFileType = sourcecode.swift; path = ContestUITests.swift; sourceTree = "<group>"; };
		7C4EC4C32909AFCA00B96412 /* ContestUITestsLaunchTests.swift */ = {isa = PBXFileReference; lastKnownFileType = sourcecode.swift; path = ContestUITestsLaunchTests.swift; sourceTree = "<group>"; };
/* End PBXFileReference section */

/* Begin PBXFrameworksBuildPhase section */
		7C4EC49A2909AFC600B96412 /* Frameworks */ = {
			isa = PBXFrameworksBuildPhase;
			buildActionMask = 2147483647;
			files = (
			);
			runOnlyForDeploymentPostprocessing = 0;
		};
		7C4EC4B02909AFCA00B96412 /* Frameworks */ = {
			isa = PBXFrameworksBuildPhase;
			buildActionMask = 2147483647;
			files = (
			);
			runOnlyForDeploymentPostprocessing = 0;
		};
		7C4EC4BA2909AFCA00B96412 /* Frameworks */ = {
			isa = PBXFrameworksBuildPhase;
			buildActionMask = 2147483647;
			files = (
			);
			runOnlyForDeploymentPostprocessing = 0;
		};
/* End PBXFrameworksBuildPhase section */

/* Begin PBXGroup section */
		7C4EC4942909AFC600B96412 = {
			isa = PBXGroup;
			children = (
				7C4EC49F2909AFC600B96412 /* Contest */,
				7C4EC4B62909AFCA00B96412 /* ContestTests */,
				7C4EC4C02909AFCA00B96412 /* ContestUITests */,
				7C4EC49E2909AFC600B96412 /* Products */,
			);
			sourceTree = "<group>";
		};
		7C4EC49E2909AFC600B96412 /* Products */ = {
			isa = PBXGroup;
			children = (
				7C4EC49D2909AFC600B96412 /* Contest.app */,
				7C4EC4B32909AFCA00B96412 /* ContestTests.xctest */,
				7C4EC4BD2909AFCA00B96412 /* ContestUITests.xctest */,
			);
			name = Products;
			sourceTree = "<group>";
		};
		7C4EC49F2909AFC600B96412 /* Contest */ = {
			isa = PBXGroup;
			children = (
				7C4EC4A02909AFC600B96412 /* AppDelegate.swift */,
				7C4EC4A22909AFC600B96412 /* SceneDelegate.swift */,
				7C4EC4A42909AFC600B96412 /* ViewController.swift */,
				7C4EC4A62909AFC600B96412 /* Main.storyboard */,
				7C4EC4A92909AFC900B96412 /* Assets.xcassets */,
				7C4EC4AB2909AFC900B96412 /* LaunchScreen.storyboard */,
				7C4EC4AE2909AFC900B96412 /* Info.plist */,
			);
			path = Contest;
			sourceTree = "<group>";
		};
		7C4EC4B62909AFCA00B96412 /* ContestTests */ = {
			isa = PBXGroup;
			children = (
				7C4EC4B72909AFCA00B96412 /* ContestTests.swift */,
			);
			path = ContestTests;
			sourceTree = "<group>";
		};
		7C4EC4C02909AFCA00B96412 /* ContestUITests */ = {
			isa = PBXGroup;
			children = (
				7C4EC4C12909AFCA00B96412 /* ContestUITests.swift */,
				7C4EC4C32909AFCA00B96412 /* ContestUITestsLaunchTests.swift */,
			);
			path = ContestUITests;
			sourceTree = "<group>";
		};
/* End PBXGroup section */

/* Begin PBXNativeTarget section */
		7C4EC49C2909AFC600B96412 /* Contest */ = {
			isa = PBXNativeTarget;
			buildConfigurationList = 7C4EC4C72909AFCA00B96412 /* Build configuration list for PBXNativeTarget "Contest" */;
			buildPhases = (
				7C4EC4992909AFC600B96412 /* Sources */,
				7C4EC49A2909AFC600B96412 /* Frameworks */,
				7C4EC49B2909AFC600B96412 /* Resources */,
			);
			buildRules = (
			);
			dependencies = (
			);
			name = Contest;
			productName = Contest;
			productReference = 7C4EC49D2909AFC600B96412 /* Contest.app */;
			productType = "com.apple.product-type.application";
		};
		7C4EC4B22909AFCA00B96412 /* ContestTests */ = {
			isa = PBXNativeTarget;
			buildConfigurationList = 7C4EC4CA2909AFCA00B96412 /* Build configuration list for PBXNativeTarget "ContestTests" */;
			buildPhases = (
				7C4EC4AF2909AFCA00B96412 /* Sources */,
				7C4EC4B02909AFCA00B96412 /* Frameworks */,
				7C4EC4B12909AFCA00B96412 /* Resources */,
			);
			buildRules = (
			);
			dependencies = (
				7C4EC4B52909AFCA00B96412 /* PBXTargetDependency */,
			);
			name = ContestTests;
			productName = ContestTests;
			productReference = 7C4EC4B32909AFCA00B96412 /* ContestTests.xctest */;
			productType = "com.apple.product-type.bundle.unit-test";
		};
		7C4EC4BC2909AFCA00B96412 /* ContestUITests */ = {
			isa = PBXNativeTarget;
			buildConfigurationList = 7C4EC4CD2909AFCA00B96412 /* Build configuration list for PBXNativeTarget "ContestUITests" */;
			buildPhases = (
				7C4EC4B92909AFCA00B96412 /* Sources */,
				7C4EC4BA2909AFCA00B96412 /* Frameworks */,
				7C4EC4BB2909AFCA00B96412 /* Resources */,
			);
			buildRules = (
			);
			dependencies = (
				7C4EC4BF2909AFCA00B96412 /* PBXTargetDependency */,
			);
			name = ContestUITests;
			productName = ContestUITests;
			productReference = 7C4EC4BD2909AFCA00B96412 /* ContestUITests.xctest */;
			productType = "com.apple.product-type.bundle.ui-testing";
		};
/* End PBXNativeTarget section */

/* Begin PBXProject section */
		7C4EC4952909AFC600B96412 /* Project object */ = {
			isa = PBXProject;
			attributes = {
				BuildIndependentTargetsInParallel = 1;
				LastSwiftUpdateCheck = 1400;
				LastUpgradeCheck = 1400;
				TargetAttributes = {
					7C4EC49C2909AFC600B96412 = {
						CreatedOnToolsVersion = 14.0;
					};
					7C4EC4B22909AFCA00B96412 = {
						CreatedOnToolsVersion = 14.0;
						TestTargetID = 7C4EC49C2909AFC600B96412;
					};
					7C4EC4BC2909AFCA00B96412 = {
						CreatedOnToolsVersion = 14.0;
						TestTargetID = 7C4EC49C2909AFC600B96412;
					};
				};
			};
			buildConfigurationList = 7C4EC4982909AFC600B96412 /* Build configuration list for PBXProject "Contest" */;
			compatibilityVersion = "Xcode 14.0";
			developmentRegion = en;
			hasScannedForEncodings = 0;
			knownRegions = (
				en,
				Base,
			);
			mainGroup = 7C4EC4942909AFC600B96412;
			productRefGroup = 7C4EC49E2909AFC600B96412 /* Products */;
			projectDirPath = "";
			projectRoot = "";
			targets = (
				7C4EC49C2909AFC600B96412 /* Contest */,
				7C4EC4B22909AFCA00B96412 /* ContestTests */,
				7C4EC4BC2909AFCA00B96412 /* ContestUITests */,
			);
		};
/* End PBXProject section */

/* Begin PBXResourcesBuildPhase section */
		7C4EC49B2909AFC600B96412 /* Resources */ = {
			isa = PBXResourcesBuildPhase;
			buildActionMask = 2147483647;
			files = (
				7C4EC4AD2909AFC900B96412 /* LaunchScreen.storyboard in Resources */,
				7C4EC4AA2909AFC900B96412 /* Assets.xcassets in Resources */,
				7C4EC4A82909AFC600B96412 /* Main.storyboard in Resources */,
			);
			runOnlyForDeploymentPostprocessing = 0;
		};
		7C4EC4B12909AFCA00B96412 /* Resources */ = {
			isa = PBXResourcesBuildPhase;
			buildActionMask = 2147483647;
			files = (
			);
			runOnlyForDeploymentPostprocessing = 0;
		};
		7C4EC4BB2909AFCA00B96412 /* Resources */ = {
			isa = PBXResourcesBuildPhase;
			buildActionMask = 2147483647;
			files = (
			);
			runOnlyForDeploymentPostprocessing = 0;
		};
/* End PBXResourcesBuildPhase section */

/* Begin PBXSourcesBuildPhase section */
		7C4EC4992909AFC600B96412 /* Sources */ = {
			isa = PBXSourcesBuildPhase;
			buildActionMask = 2147483647;
			files = (
				7C4EC4A52909AFC600B96412 /* ViewController.swift in Sources */,
				7C4EC4A12909AFC600B96412 /* AppDelegate.swift in Sources */,
				7C4EC4A32909AFC600B96412 /* SceneDelegate.swift in Sources */,
			);
			runOnlyForDeploymentPostprocessing = 0;
		};
		7C4EC4AF2909AFCA00B96412 /* Sources */ = {
			isa = PBXSourcesBuildPhase;
			buildActionMask = 2147483647;
			files = (
				7C4EC4B82909AFCA00B96412 /* ContestTests.swift in Sources */,
			);
			runOnlyForDeploymentPostprocessing = 0;
		};
		7C4EC4B92909AFCA00B96412 /* Sources */ = {
			isa = PBXSourcesBuildPhase;
			buildActionMask = 2147483647;
			files = (
				7C4EC4C22909AFCA00B96412 /* ContestUITests.swift in Sources */,
				7C4EC4C42909AFCA00B96412 /* ContestUITestsLaunchTests.swift in Sources */,
			);
			runOnlyForDeploymentPostprocessing = 0;
		};
/* End PBXSourcesBuildPhase section */

/* Begin PBXTargetDependency section */
		7C4EC4B52909AFCA00B96412 /* PBXTargetDependency */ = {
			isa = PBXTargetDependency;
			target = 7C4EC49C2909AFC600B96412 /* Contest */;
			targetProxy = 7C4EC4B42909AFCA00B96412 /* PBXContainerItemProxy */;
		};
		7C4EC4BF2909AFCA00B96412 /* PBXTargetDependency */ = {
			isa = PBXTargetDependency;
			target = 7C4EC49C2909AFC600B96412 /* Contest */;
			targetProxy = 7C4EC4BE2909AFCA00B96412 /* PBXContainerItemProxy */;
		};
/* End PBXTargetDependency section */

/* Begin PBXVariantGroup section */
		7C4EC4A62909AFC600B96412 /* Main.storyboard */ = {
			isa = PBXVariantGroup;
			children = (
				7C4EC4A72909AFC600B96412 /* Base */,
			);
			name = Main.storyboard;
			sourceTree = "<group>";
		};
		7C4EC4AB2909AFC900B96412 /* LaunchScreen.storyboard */ = {
			isa = PBXVariantGroup;
			children = (
				7C4EC4AC2909AFC900B96412 /* Base */,
			);
			name = LaunchScreen.storyboard;
			sourceTree = "<group>";
		};
/* End PBXVariantGroup section */

/* Begin XCBuildConfiguration section */
		7C4EC4C52909AFCA00B96412 /* Debug */ = {
			isa = XCBuildConfiguration;
			buildSettings = {
				ALWAYS_SEARCH_USER_PATHS = NO;
				CLANG_ANALYZER_NONNULL = YES;
				CLANG_ANALYZER_NUMBER_OBJECT_CONVERSION = YES_AGGRESSIVE;
				CLANG_CXX_LANGUAGE_STANDARD = "gnu++20";
				CLANG_ENABLE_MODULES = YES;
				CLANG_ENABLE_OBJC_ARC = YES;
				CLANG_ENABLE_OBJC_WEAK = YES;
				CLANG_WARN_BLOCK_CAPTURE_AUTORELEASING = YES;
				CLANG_WARN_BOOL_CONVERSION = YES;
				CLANG_WARN_COMMA = YES;
				CLANG_WARN_CONSTANT_CONVERSION = YES;
				CLANG_WARN_DEPRECATED_OBJC_IMPLEMENTATIONS = YES;
				CLANG_WARN_DIRECT_OBJC_ISA_USAGE = YES_ERROR;
				CLANG_WARN_DOCUMENTATION_COMMENTS = YES;
				CLANG_WARN_EMPTY_BODY = YES;
				CLANG_WARN_ENUM_CONVERSION = YES;
				CLANG_WARN_INFINITE_RECURSION = YES;
				CLANG_WARN_INT_CONVERSION = YES;
				CLANG_WARN_NON_LITERAL_NULL_CONVERSION = YES;
				CLANG_WARN_OBJC_IMPLICIT_RETAIN_SELF = YES;
				CLANG_WARN_OBJC_LITERAL_CONVERSION = YES;
				CLANG_WARN_OBJC_ROOT_CLASS = YES_ERROR;
				CLANG_WARN_QUOTED_INCLUDE_IN_FRAMEWORK_HEADER = YES;
				CLANG_WARN_RANGE_LOOP_ANALYSIS = YES;
				CLANG_WARN_STRICT_PROTOTYPES = YES;
				CLANG_WARN_SUSPICIOUS_MOVE = YES;
				CLANG_WARN_UNGUARDED_AVAILABILITY = YES_AGGRESSIVE;
				CLANG_WARN_UNREACHABLE_CODE = YES;
				CLANG_WARN__DUPLICATE_METHOD_MATCH = YES;
				COPY_PHASE_STRIP = NO;
				DEBUG_INFORMATION_FORMAT = dwarf;
				ENABLE_STRICT_OBJC_MSGSEND = YES;
				ENABLE_TESTABILITY = YES;
				GCC_C_LANGUAGE_STANDARD = gnu11;
				GCC_DYNAMIC_NO_PIC = NO;
				GCC_NO_COMMON_BLOCKS = YES;
				GCC_OPTIMIZATION_LEVEL = 0;
				GCC_PREPROCESSOR_DEFINITIONS = (
					"DEBUG=1",
					"$(inherited)",
				);
				GCC_WARN_64_TO_32_BIT_CONVERSION = YES;
				GCC_WARN_ABOUT_RETURN_TYPE = YES_ERROR;
				GCC_WARN_UNDECLARED_SELECTOR = YES;
				GCC_WARN_UNINITIALIZED_AUTOS = YES_AGGRESSIVE;
				GCC_WARN_UNUSED_FUNCTION = YES;
				GCC_WARN_UNUSED_VARIABLE = YES;
				IPHONEOS_DEPLOYMENT_TARGET = 16.0;
				MTL_ENABLE_DEBUG_INFO = INCLUDE_SOURCE;
				MTL_FAST_MATH = YES;
				ONLY_ACTIVE_ARCH = YES;
				SDKROOT = iphoneos;
				SWIFT_ACTIVE_COMPILATION_CONDITIONS = DEBUG;
				SWIFT_OPTIMIZATION_LEVEL = "-Onone";
			};
			name = Debug;
		};
		7C4EC4C62909AFCA00B96412 /* Release */ = {
			isa = XCBuildConfiguration;
			buildSettings = {
				ALWAYS_SEARCH_USER_PATHS = NO;
				CLANG_ANALYZER_NONNULL = YES;
				CLANG_ANALYZER_NUMBER_OBJECT_CONVERSION = YES_AGGRESSIVE;
				CLANG_CXX_LANGUAGE_STANDARD = "gnu++20";
				CLANG_ENABLE_MODULES = YES;
				CLANG_ENABLE_OBJC_ARC = YES;
				CLANG_ENABLE_OBJC_WEAK = YES;
				CLANG_WARN_BLOCK_CAPTURE_AUTORELEASING = YES;
				CLANG_WARN_BOOL_CONVERSION = YES;
				CLANG_WARN_COMMA = YES;
				CLANG_WARN_CONSTANT_CONVERSION = YES;
				CLANG_WARN_DEPRECATED_OBJC_IMPLEMENTATIONS = YES;
				CLANG_WARN_DIRECT_OBJC_ISA_USAGE = YES_ERROR;
				CLANG_WARN_DOCUMENTATION_COMMENTS = YES;
				CLANG_WARN_EMPTY_BODY = YES;
				CLANG_WARN_ENUM_CONVERSION = YES;
				CLANG_WARN_INFINITE_RECURSION = YES;
				CLANG_WARN_INT_CONVERSION = YES;
				CLANG_WARN_NON_LITERAL_NULL_CONVERSION = YES;
				CLANG_WARN_OBJC_IMPLICIT_RETAIN_SELF = YES;
				CLANG_WARN_OBJC_LITERAL_CONVERSION = YES;
				CLANG_WARN_OBJC_ROOT_CLASS = YES_ERROR;
				CLANG_WARN_QUOTED_INCLUDE_IN_FRAMEWORK_HEADER = YES;
				CLANG_WARN_RANGE_LOOP_ANALYSIS = YES;
				CLANG_WARN_STRICT_PROTOTYPES = YES;
				CLANG_WARN_SUSPICIOUS_MOVE = YES;
				CLANG_WARN_UNGUARDED_AVAILABILITY = YES_AGGRESSIVE;
				CLANG_WARN_UNREACHABLE_CODE = YES;
				CLANG_WARN__DUPLICATE_METHOD_MATCH = YES;
				COPY_PHASE_STRIP = NO;
				DEBUG_INFORMATION_FORMAT = "dwarf-with-dsym";
				ENABLE_NS_ASSERTIONS = NO;
				ENABLE_STRICT_OBJC_MSGSEND = YES;
				GCC_C_LANGUAGE_STANDARD = gnu11;
				GCC_NO_COMMON_BLOCKS = YES;
				GCC_WARN_64_TO_32_BIT_CONVERSION = YES;
				GCC_WARN_ABOUT_RETURN_TYPE = YES_ERROR;
				GCC_WARN_UNDECLARED_SELECTOR = YES;
				GCC_WARN_UNINITIALIZED_AUTOS = YES_AGGRESSIVE;
				GCC_WARN_UNUSED_FUNCTION = YES;
				GCC_WARN_UNUSED_VARIABLE = YES;
				IPHONEOS_DEPLOYMENT_TARGET = 16.0;
				MTL_ENABLE_DEBUG_INFO = NO;
				MTL_FAST_MATH = YES;
				SDKROOT = iphoneos;
				SWIFT_COMPILATION_MODE = wholemodule;
				SWIFT_OPTIMIZATION_LEVEL = "-O";
				VALIDATE_PRODUCT = YES;
			};
			name = Release;
		};
		7C4EC4C82909AFCA00B96412 /* Debug */ = {
			isa = XCBuildConfiguration;
			buildSettings = {
				ASSETCATALOG_COMPILER_APPICON_NAME = AppIcon;
				ASSETCATALOG_COMPILER_GLOBAL_ACCENT_COLOR_NAME = AccentColor;
				CODE_SIGN_STYLE = Automatic;
				CURRENT_PROJECT_VERSION = 1;
				DEVELOPMENT_TEAM = CLM5L23Y57;
				GENERATE_INFOPLIST_FILE = YES;
				INFOPLIST_FILE = Contest/Info.plist;
				INFOPLIST_KEY_UIApplicationSupportsIndirectInputEvents = YES;
				INFOPLIST_KEY_UILaunchStoryboardName = LaunchScreen;
				INFOPLIST_KEY_UIMainStoryboardFile = Main;
				INFOPLIST_KEY_UISupportedInterfaceOrientations_iPad = "UIInterfaceOrientationPortrait UIInterfaceOrientationPortraitUpsideDown UIInterfaceOrientationLandscapeLeft UIInterfaceOrientationLandscapeRight";
				INFOPLIST_KEY_UISupportedInterfaceOrientations_iPhone = "UIInterfaceOrientationPortrait UIInterfaceOrientationLandscapeLeft UIInterfaceOrientationLandscapeRight";
				LD_RUNPATH_SEARCH_PATHS = (
					"$(inherited)",
					"@executable_path/Frameworks",
				);
				MARKETING_VERSION = 1.0;
				PRODUCT_BUNDLE_IDENTIFIER = com.exercise.Contest;
				PRODUCT_NAME = "$(TARGET_NAME)";
				SWIFT_EMIT_LOC_STRINGS = YES;
				SWIFT_VERSION = 5.0;
				TARGETED_DEVICE_FAMILY = "1,2";
			};
			name = Debug;
		};
		7C4EC4C92909AFCA00B96412 /* Release */ = {
			isa = XCBuildConfiguration;
			buildSettings = {
				ASSETCATALOG_COMPILER_APPICON_NAME = AppIcon;
				ASSETCATALOG_COMPILER_GLOBAL_ACCENT_COLOR_NAME = AccentColor;
				CODE_SIGN_STYLE = Automatic;
				CURRENT_PROJECT_VERSION = 1;
				DEVELOPMENT_TEAM = CLM5L23Y57;
				GENERATE_INFOPLIST_FILE = YES;
				INFOPLIST_FILE = Contest/Info.plist;
				INFOPLIST_KEY_UIApplicationSupportsIndirectInputEvents = YES;
				INFOPLIST_KEY_UILaunchStoryboardName = LaunchScreen;
				INFOPLIST_KEY_UIMainStoryboardFile = Main;
				INFOPLIST_KEY_UISupportedInterfaceOrientations_iPad = "UIInterfaceOrientationPortrait UIInterfaceOrientationPortraitUpsideDown UIInterfaceOrientationLandscapeLeft UIInterfaceOrientationLandscapeRight";
				INFOPLIST_KEY_UISupportedInterfaceOrientations_iPhone = "UIInterfaceOrientationPortrait UIInterfaceOrientationLandscapeLeft UIInterfaceOrientationLandscapeRight";
				LD_RUNPATH_SEARCH_PATHS = (
					"$(inherited)",
					"@executable_path/Frameworks",
				);
				MARKETING_VERSION = 1.0;
				PRODUCT_BUNDLE_IDENTIFIER = com.exercise.Contest;
				PRODUCT_NAME = "$(TARGET_NAME)";
				SWIFT_EMIT_LOC_STRINGS = YES;
				SWIFT_VERSION = 5.0;
				TARGETED_DEVICE_FAMILY = "1,2";
			};
			name = Release;
		};
		7C4EC4CB2909AFCA00B96412 /* Debug */ = {
			isa = XCBuildConfiguration;
			buildSettings = {
				ALWAYS_EMBED_SWIFT_STANDARD_LIBRARIES = YES;
				BUNDLE_LOADER = "$(TEST_HOST)";
				CODE_SIGN_STYLE = Automatic;
				CURRENT_PROJECT_VERSION = 1;
				DEVELOPMENT_TEAM = CLM5L23Y57;
				GENERATE_INFOPLIST_FILE = YES;
				IPHONEOS_DEPLOYMENT_TARGET = 16.0;
				MARKETING_VERSION = 1.0;
				PRODUCT_BUNDLE_IDENTIFIER = com.exercise.ContestTests;
				PRODUCT_NAME = "$(TARGET_NAME)";
				SWIFT_EMIT_LOC_STRINGS = NO;
				SWIFT_VERSION = 5.0;
				TARGETED_DEVICE_FAMILY = "1,2";
				TEST_HOST = "$(BUILT_PRODUCTS_DIR)/Contest.app/$(BUNDLE_EXECUTABLE_FOLDER_PATH)/Contest";
			};
			name = Debug;
		};
		7C4EC4CC2909AFCA00B96412 /* Release */ = {
			isa = XCBuildConfiguration;
			buildSettings = {
				ALWAYS_EMBED_SWIFT_STANDARD_LIBRARIES = YES;
				BUNDLE_LOADER = "$(TEST_HOST)";
				CODE_SIGN_STYLE = Automatic;
				CURRENT_PROJECT_VERSION = 1;
				DEVELOPMENT_TEAM = CLM5L23Y57;
				GENERATE_INFOPLIST_FILE = YES;
				IPHONEOS_DEPLOYMENT_TARGET = 16.0;
				MARKETING_VERSION = 1.0;
				PRODUCT_BUNDLE_IDENTIFIER = com.exercise.ContestTests;
				PRODUCT_NAME = "$(TARGET_NAME)";
				SWIFT_EMIT_LOC_STRINGS = NO;
				SWIFT_VERSION = 5.0;
				TARGETED_DEVICE_FAMILY = "1,2";
				TEST_HOST = "$(BUILT_PRODUCTS_DIR)/Contest.app/$(BUNDLE_EXECUTABLE_FOLDER_PATH)/Contest";
			};
			name = Release;
		};
		7C4EC4CE2909AFCA00B96412 /* Debug */ = {
			isa = XCBuildConfiguration;
			buildSettings = {
				ALWAYS_EMBED_SWIFT_STANDARD_LIBRARIES = YES;
				CODE_SIGN_STYLE = Automatic;
				CURRENT_PROJECT_VERSION = 1;
				DEVELOPMENT_TEAM = CLM5L23Y57;
				GENERATE_INFOPLIST_FILE = YES;
				MARKETING_VERSION = 1.0;
				PRODUCT_BUNDLE_IDENTIFIER = com.exercise.ContestUITests;
				PRODUCT_NAME = "$(TARGET_NAME)";
				SWIFT_EMIT_LOC_STRINGS = NO;
				SWIFT_VERSION = 5.0;
				TARGETED_DEVICE_FAMILY = "1,2";
				TEST_TARGET_NAME = Contest;
			};
			name = Debug;
		};
		7C4EC4CF2909AFCA00B96412 /* Release */ = {
			isa = XCBuildConfiguration;
			buildSettings = {
				ALWAYS_EMBED_SWIFT_STANDARD_LIBRARIES = YES;
				CODE_SIGN_STYLE = Automatic;
				CURRENT_PROJECT_VERSION = 1;
				DEVELOPMENT_TEAM = CLM5L23Y57;
				GENERATE_INFOPLIST_FILE = YES;
				MARKETING_VERSION = 1.0;
				PRODUCT_BUNDLE_IDENTIFIER = com.exercise.ContestUITests;
				PRODUCT_NAME = "$(TARGET_NAME)";
				SWIFT_EMIT_LOC_STRINGS = NO;
				SWIFT_VERSION = 5.0;
				TARGETED_DEVICE_FAMILY = "1,2";
				TEST_TARGET_NAME = Contest;
			};
			name = Release;
		};
/* End XCBuildConfiguration section */

/* Begin XCConfigurationList section */
		7C4EC4982909AFC600B96412 /* Build configuration list for PBXProject "Contest" */ = {
			isa = XCConfigurationList;
			buildConfigurations = (
				7C4EC4C52909AFCA00B96412 /* Debug */,
				7C4EC4C62909AFCA00B96412 /* Release */,
			);
			defaultConfigurationIsVisible = 0;
			defaultConfigurationName = Release;
		};
		7C4EC4C72909AFCA00B96412 /* Build configuration list for PBXNativeTarget "Contest" */ = {
			isa = XCConfigurationList;
			buildConfigurations = (
				7C4EC4C82909AFCA00B96412 /* Debug */,
				7C4EC4C92909AFCA00B96412 /* Release */,
			);
			defaultConfigurationIsVisible = 0;
			defaultConfigurationName = Release;
		};
		7C4EC4CA2909AFCA00B96412 /* Build configuration list for PBXNativeTarget "ContestTests" */ = {
			isa = XCConfigurationList;
			buildConfigurations = (
				7C4EC4CB2909AFCA00B96412 /* Debug */,
				7C4EC4CC2909AFCA00B96412 /* Release */,
			);
			defaultConfigurationIsVisible = 0;
			defaultConfigurationName = Release;
		};
		7C4EC4CD2909AFCA00B96412 /* Build configuration list for PBXNativeTarget "ContestUITests" */ = {
			isa = XCConfigurationList;
			buildConfigurations = (
				7C4EC4CE2909AFCA00B96412 /* Debug */,
				7C4EC4CF2909AFCA00B96412 /* Release */,
			);
			defaultConfigurationIsVisible = 0;
			defaultConfigurationName = Release;
		};
/* End XCConfigurationList section */
	};
	rootObject = 7C4EC4952909AFC600B96412 /* Project object */;
}
